{
  "name": "react-native-code-push",
  "version": "5.1.3-beta",
  "lockfileVersion": 1,
  "requires": true,
  "dependencies": {
    "archiver": {
      "version": "2.0.3",
      "resolved": "https://registry.npmjs.org/archiver/-/archiver-2.0.3.tgz",
      "integrity": "sha1-tDYLtYSvFDeZGUJxbyHXxSPR270=",
      "dev": true,
      "dependencies": {
        "async": {
          "version": "2.5.0",
          "resolved": "https://registry.npmjs.org/async/-/async-2.5.0.tgz",
          "integrity": "sha512-e+lJAJeNWuPCNyxZKOBdaJGyLGHugXVQtrAwtuAe2vhxTYxFTKE73p8JuTmdH0qdQZtDvI4dhJwjZc5zsfIsYw=="
        },
        "glob": {
          "version": "7.1.2",
          "resolved": "https://registry.npmjs.org/glob/-/glob-7.1.2.tgz",
          "integrity": "sha512-MJTUg1kjuLeQCJ+ccE4Vpa6kKVXkPYJ2mOCQyUuKLcLQsdrMCpBPUi8qVE6+YuaJkozeA9NusTAw3hLr8Xe5EQ=="
        },
        "isarray": {
          "version": "1.0.0",
          "resolved": "https://registry.npmjs.org/isarray/-/isarray-1.0.0.tgz",
          "integrity": "sha1-u5NdSFgsuhaMBoNJV6VKPgcSTxE="
        },
        "readable-stream": {
          "version": "2.3.3",
          "resolved": "https://registry.npmjs.org/readable-stream/-/readable-stream-2.3.3.tgz",
          "integrity": "sha512-m+qzzcn7KUxEmd1gMbchF+Y2eIUbieUaxkWtptyHywrX0rE8QEYqPC07Vuy4Wm32/xE16NcdBctb8S0Xe/5IeQ=="
        },
        "string_decoder": {
          "version": "1.0.3",
          "resolved": "https://registry.npmjs.org/string_decoder/-/string_decoder-1.0.3.tgz",
          "integrity": "sha512-4AH6Z5fzNNBcH+6XDMfA/BTt87skxqJlO0lAh3Dker5zThcAxG6mKz+iGu308UKoPPQ8Dcqx/4JhujzltRa+hQ=="
        }
      }
    },
    "body-parser": {
      "version": "1.18.1",
      "resolved": "https://registry.npmjs.org/body-parser/-/body-parser-1.18.1.tgz",
      "integrity": "sha512-KL2pZpGvy6xuZHgYUznB1Zfw4AoGMApfRanT5NafeLvglbaSM+4CCtmlyYOv66oYXqvKL1xpaFb94V/AZVUnYg==",
      "dev": true
    },
    "code-push": {
      "version": "1.11.2-beta",
      "resolved": "https://registry.npmjs.org/code-push/-/code-push-1.11.2-beta.tgz",
      "integrity": "sha1-ZC9Rme2w/W1tMA5DmIOwO4slJzc="
    },
    "code-push-plugin-testing-framework": {
      "version": "file:code-push-plugin-testing-framework",
      "integrity": "sha1-bqM6ZhcQYoryZtcUlJ/pX4jXHw0=",
      "dev": true,
      "dependencies": {
        "node-uuid": {
          "version": "1.4.8",
          "resolved": "https://registry.npmjs.org/node-uuid/-/node-uuid-1.4.8.tgz",
          "integrity": "sha1-sEDrCSOWivq/jTL7HxfxFn/auQc="
        }
      }
    },
    "del": {
      "version": "3.0.0",
      "resolved": "https://registry.npmjs.org/del/-/del-3.0.0.tgz",
      "integrity": "sha1-U+z2mf/LyzljdpGrE7rxYIGXZuU=",
      "dev": true
    },
    "express": {
      "version": "4.15.4",
      "resolved": "https://registry.npmjs.org/express/-/express-4.15.4.tgz",
      "integrity": "sha1-Ay4iU0ic+PzgJma+yj0R7XotrtE=",
      "dev": true
    },
    "glob": {
      "version": "5.0.15",
      "resolved": "https://registry.npmjs.org/glob/-/glob-5.0.15.tgz",
      "integrity": "sha1-G8k2ueAvSmA/zCIuz3Yz0wuLk7E="
    },
    "gulp-insert": {
      "version": "0.5.0",
      "resolved": "https://registry.npmjs.org/gulp-insert/-/gulp-insert-0.5.0.tgz",
      "integrity": "sha1-MjE/E+SiPPWsylzl8MCAkjx3hgI=",
      "dev": true,
      "dependencies": {
        "readable-stream": {
          "version": "1.1.14",
          "resolved": "https://registry.npmjs.org/readable-stream/-/readable-stream-1.1.14.tgz",
          "integrity": "sha1-fPTFTvZI44EwhMY23SB54WbAgdk="
        }
      }
    },
    "gulp-tslint": {
      "version": "8.1.2",
      "resolved": "https://registry.npmjs.org/gulp-tslint/-/gulp-tslint-8.1.2.tgz",
      "integrity": "sha512-0RNGqbp2TKPdbG+sWU3mNMXEMuF/noY1KS4+jd5lOStkvuFINkFL29dHX3IT1u+vVFD4Glwf+lkcdR2QMVNMzA==",
      "dev": true
    },
    "gulp-typescript": {
      "version": "2.12.2",
      "resolved": "https://registry.npmjs.org/gulp-typescript/-/gulp-typescript-2.12.2.tgz",
      "integrity": "sha1-LJ+AYe0ikHo7LFmk3OZ4TYipfCM=",
      "dev": true,
      "dependencies": {
        "typescript": {
          "version": "1.8.7",
          "resolved": "https://registry.npmjs.org/typescript/-/typescript-1.8.7.tgz",
          "integrity": "sha1-NeODjeMckc/h2MIODleF04aTikk="
        }
      }
    },
    "inquirer": {
      "version": "1.1.2",
      "resolved": "https://registry.npmjs.org/inquirer/-/inquirer-1.1.2.tgz",
      "integrity": "sha1-rDul8GuOcpGr2fIpEsA/Cc/i3R8="
    },
    "mkdirp": {
      "version": "0.5.1",
      "resolved": "https://registry.npmjs.org/mkdirp/-/mkdirp-0.5.1.tgz",
      "integrity": "sha1-MAV0OOrGz3+MR2fzhkjWaX11yQM=",
      "dev": true
    },
    "plist": {
      "version": "1.2.0",
      "resolved": "https://registry.npmjs.org/plist/-/plist-1.2.0.tgz",
      "integrity": "sha1-CEtQk93JJQbiWfh0uNmxr7jHlZM="
    },
    "q": {
      "version": "1.5.0",
      "resolved": "https://registry.npmjs.org/q/-/q-1.5.0.tgz",
      "integrity": "sha1-3QG6ydBtMObyGa7LglPunr3DCPE=",
      "dev": true
    },
    "run-sequence": {
      "version": "2.1.0",
      "resolved": "https://registry.npmjs.org/run-sequence/-/run-sequence-2.1.0.tgz",
      "integrity": "sha1-FJ2gElFvIdz3nbbcmaKpVgNjGyE=",
      "dev": true
    },
    "tslint": {
      "version": "4.5.1",
      "resolved": "https://registry.npmjs.org/tslint/-/tslint-4.5.1.tgz",
      "integrity": "sha1-BTVocb7yOkNJBnNABvwYgza6gks=",
      "dev": true,
      "dependencies": {
        "colors": {
          "version": "1.1.2",
          "resolved": "https://registry.npmjs.org/colors/-/colors-1.1.2.tgz",
          "integrity": "sha1-FopHAXVran9RoSzgyXv6KMCE7WM="
        },
        "glob": {
          "version": "7.1.2",
          "resolved": "https://registry.npmjs.org/glob/-/glob-7.1.2.tgz",
          "integrity": "sha512-MJTUg1kjuLeQCJ+ccE4Vpa6kKVXkPYJ2mOCQyUuKLcLQsdrMCpBPUi8qVE6+YuaJkozeA9NusTAw3hLr8Xe5EQ=="
        }
      }
    },
    "typescript": {
      "version": "2.5.2",
      "resolved": "https://registry.npmjs.org/typescript/-/typescript-2.5.2.tgz",
      "integrity": "sha1-A4qV99m7tCCxvzW6MdTFwd0//jQ=",
      "dev": true
    },
    "xcode": {
      "version": "0.9.2",
      "resolved": "https://registry.npmjs.org/xcode/-/xcode-0.9.2.tgz",
      "integrity": "sha1-uJaaLXv4tf6vutFivZfeOfFuKQc="
    }
  }
}
